
Microsoft Visual Studio Solution File, Format Version 12.00
# Visual Studio 15
VisualStudioVersion = 15.0.27130.2020
MinimumVisualStudioVersion = 10.0.40219.1
Project("{FAE04EC0-301F-11D3-BF4B-00C04F79EFBC}") = "blockoptimiser", "blockoptimiser\blockoptimiser.csproj", "{FAB32B9F-E0F4-4F43-8FE8-532EAFB47CF9}"
EndProject
Global
	GlobalSection(SolutionConfigurationPlatforms) = preSolution
		Debug|Any CPU = Debug|Any CPU
		Release|Any CPU = Release|Any CPU
	EndGlobalSection
	GlobalSection(ProjectConfigurationPlatforms) = postSolution
		{FAB32B9F-E0F4-4F43-8FE8-532EAFB47CF9}.Debug|Any CPU.ActiveCfg = Debug|Any CPU
		{FAB32B9F-E0F4-4F43-8FE8-532EAFB47CF9}.Debug|Any CPU.Build.0 = Debug|Any CPU
		{FAB32B9F-E0F4-4F43-8FE8-532EAFB47CF9}.Release|Any CPU.ActiveCfg = Release|Any CPU
		{FAB32B9F-E0F4-4F43-8FE8-532EAFB47CF9}.Release|Any CPU.Build.0 = Release|Any CPU
		{569C6723-88F0-4323-B6D8-86AF70D00FF5}.Debug|Any CPU.ActiveCfg = Debug|Any CPU
		{569C6723-88F0-4323-B6D8-86AF70D00FF5}.Debug|Any CPU.Build.0 = Debug|Any CPU
		{569C6723-88F0-4323-B6D8-86AF70D00FF5}.Release|Any CPU.ActiveCfg = Release|Any CPU
		{569C6723-88F0-4323-B6D8-86AF70D00FF5}.Release|Any CPU.Build.0 = Release|Any CPU
	EndGlobalSection
	GlobalSection(SolutionProperties) = preSolution
		HideSolutionNode = FALSE
	EndGlobalSection
	GlobalSection(ExtensibilityGlobals) = postSolution
		SolutionGuid = {D2199AB5-F246-41EE-8FDF-BE6FBF52D646}
	EndGlobalSection
EndGlobal
